
Microsoft Visual Studio Solution File, Format Version 12.00
# Visual Studio 2012
Project("{FAE04EC0-301F-11D3-BF4B-00C04F79EFBC}") = "CSharp_HomeWork_01", "CSharp_HomeWork_01\CSharp_HomeWork_01.csproj", "{F36B5552-BC99-4A5B-9D5C-1340DF2B2FE8}"
EndProject
Global
	GlobalSection(SolutionConfigurationPlatforms) = preSolution
		Debug|Any CPU = Debug|Any CPU
		Release|Any CPU = Release|Any CPU
	EndGlobalSection
	GlobalSection(ProjectConfigurationPlatforms) = postSolution
		{F36B5552-BC99-4A5B-9D5C-1340DF2B2FE8}.Debug|Any CPU.ActiveCfg = Debug|Any CPU
		{F36B5552-BC99-4A5B-9D5C-1340DF2B2FE8}.Debug|Any CPU.Build.0 = Debug|Any CPU
		{F36B5552-BC99-4A5B-9D5C-1340DF2B2FE8}.Release|Any CPU.ActiveCfg = Release|Any CPU
		{F36B5552-BC99-4A5B-9D5C-1340DF2B2FE8}.Release|Any CPU.Build.0 = Release|Any CPU
	EndGlobalSection
	GlobalSection(SolutionProperties) = preSolution
		HideSolutionNode = FALSE
	EndGlobalSection
EndGlobal
